// !$*UTF8*$!
{
	archiveVersion = 1;
	classes = {
	};
	objectVersion = 56;
	objects = {

/* Begin PBXBuildFile section */
		9A0C90082C6291E4001D4228 /* WeatherData.swift in Sources */ = {isa = PBXBuildFile; fileRef = 9A0C90072C6291E4001D4228 /* WeatherData.swift */; };
		9A6AF3BB2C37480000D3F8EF /* WeatherManager.swift in Sources */ = {isa = PBXBuildFile; fileRef = 9A6AF3BA2C37480000D3F8EF /* WeatherManager.swift */; };
		9A6E0CFF2C2E0560005D38B4 /* TabBarController.swift in Sources */ = {isa = PBXBuildFile; fileRef = 9A6E0CFE2C2E0560005D38B4 /* TabBarController.swift */; };
		9A8171E92C2F54C50079C93B /* TranslateViewController.swift in Sources */ = {isa = PBXBuildFile; fileRef = 9A8171E82C2F54C50079C93B /* TranslateViewController.swift */; };
		9A85E5F92C28296900F44A63 /* PlusJakartaSans-Regular.ttf in Resources */ = {isa = PBXBuildFile; fileRef = 9A85E5EB2C28296900F44A63 /* PlusJakartaSans-Regular.ttf */; };
		9A85E5FA2C28296900F44A63 /* PlusJakartaSans-SemiBoldItalic.ttf in Resources */ = {isa = PBXBuildFile; fileRef = 9A85E5EC2C28296900F44A63 /* PlusJakartaSans-SemiBoldItalic.ttf */; };
		9A85E5FB2C28296900F44A63 /* PlusJakartaSans-ExtraBold.ttf in Resources */ = {isa = PBXBuildFile; fileRef = 9A85E5ED2C28296900F44A63 /* PlusJakartaSans-ExtraBold.ttf */; };
		9A85E5FC2C28296900F44A63 /* PlusJakartaSans-ExtraLight.ttf in Resources */ = {isa = PBXBuildFile; fileRef = 9A85E5EE2C28296900F44A63 /* PlusJakartaSans-ExtraLight.ttf */; };
		9A85E5FD2C28296900F44A63 /* PlusJakartaSans-ExtraLightItalic.ttf in Resources */ = {isa = PBXBuildFile; fileRef = 9A85E5EF2C28296900F44A63 /* PlusJakartaSans-ExtraLightItalic.ttf */; };
		9A85E5FE2C28296900F44A63 /* PlusJakartaSans-Medium.ttf in Resources */ = {isa = PBXBuildFile; fileRef = 9A85E5F02C28296900F44A63 /* PlusJakartaSans-Medium.ttf */; };
		9A85E5FF2C28296900F44A63 /* PlusJakartaSans-BoldItalic.ttf in Resources */ = {isa = PBXBuildFile; fileRef = 9A85E5F12C28296900F44A63 /* PlusJakartaSans-BoldItalic.ttf */; };
		9A85E6002C28296900F44A63 /* PlusJakartaSans-MediumItalic.ttf in Resources */ = {isa = PBXBuildFile; fileRef = 9A85E5F22C28296900F44A63 /* PlusJakartaSans-MediumItalic.ttf */; };
		9A85E6012C28296900F44A63 /* PlusJakartaSans-Bold.ttf in Resources */ = {isa = PBXBuildFile; fileRef = 9A85E5F32C28296900F44A63 /* PlusJakartaSans-Bold.ttf */; };
		9A85E6022C28296900F44A63 /* PlusJakartaSans-Italic.ttf in Resources */ = {isa = PBXBuildFile; fileRef = 9A85E5F42C28296900F44A63 /* PlusJakartaSans-Italic.ttf */; };
		9A85E6032C28296900F44A63 /* PlusJakartaSans-ExtraBoldItalic.ttf in Resources */ = {isa = PBXBuildFile; fileRef = 9A85E5F52C28296900F44A63 /* PlusJakartaSans-ExtraBoldItalic.ttf */; };
		9A85E6042C28296900F44A63 /* PlusJakartaSans-LightItalic.ttf in Resources */ = {isa = PBXBuildFile; fileRef = 9A85E5F62C28296900F44A63 /* PlusJakartaSans-LightItalic.ttf */; };
		9A85E6052C28296900F44A63 /* PlusJakartaSans-SemiBold.ttf in Resources */ = {isa = PBXBuildFile; fileRef = 9A85E5F72C28296900F44A63 /* PlusJakartaSans-SemiBold.ttf */; };
		9A85E6062C28296900F44A63 /* PlusJakartaSans-Light.ttf in Resources */ = {isa = PBXBuildFile; fileRef = 9A85E5F82C28296900F44A63 /* PlusJakartaSans-Light.ttf */; };
		9A921CF42C6CF58600B784A1 /* WeatherModel.swift in Sources */ = {isa = PBXBuildFile; fileRef = 9A921CF32C6CF58600B784A1 /* WeatherModel.swift */; };
		9A99DE872C2CA19C001743EA /* CurrencyViewController.swift in Sources */ = {isa = PBXBuildFile; fileRef = 9A99DE862C2CA19C001743EA /* CurrencyViewController.swift */; };
		9AD0A1252C877F8000D455F0 /* WeatherAPIKey.swift in Sources */ = {isa = PBXBuildFile; fileRef = 9AD0A1242C877F8000D455F0 /* WeatherAPIKey.swift */; };
		9AD4E6A42C1CB3B300A7C400 /* AppDelegate.swift in Sources */ = {isa = PBXBuildFile; fileRef = 9AD4E6A32C1CB3B300A7C400 /* AppDelegate.swift */; };
		9AD4E6A62C1CB3B300A7C400 /* SceneDelegate.swift in Sources */ = {isa = PBXBuildFile; fileRef = 9AD4E6A52C1CB3B300A7C400 /* SceneDelegate.swift */; };
		9AD4E6A82C1CB3B300A7C400 /* WeatherViewController.swift in Sources */ = {isa = PBXBuildFile; fileRef = 9AD4E6A72C1CB3B300A7C400 /* WeatherViewController.swift */; };
		9AD4E6AB2C1CB3B300A7C400 /* Base in Resources */ = {isa = PBXBuildFile; fileRef = 9AD4E6AA2C1CB3B300A7C400 /* Base */; };
		9AD4E6AD2C1CB3B400A7C400 /* Assets.xcassets in Resources */ = {isa = PBXBuildFile; fileRef = 9AD4E6AC2C1CB3B400A7C400 /* Assets.xcassets */; };
		9AD4E6B02C1CB3B400A7C400 /* Base in Resources */ = {isa = PBXBuildFile; fileRef = 9AD4E6AF2C1CB3B400A7C400 /* Base */; };
		9AD4E6BB2C1CB3B400A7C400 /* LeBaluchonTests.swift in Sources */ = {isa = PBXBuildFile; fileRef = 9AD4E6BA2C1CB3B400A7C400 /* LeBaluchonTests.swift */; };
		9AD4E6C52C1CB3B400A7C400 /* LeBaluchonUITests.swift in Sources */ = {isa = PBXBuildFile; fileRef = 9AD4E6C42C1CB3B400A7C400 /* LeBaluchonUITests.swift */; };
		9AD4E6C72C1CB3B400A7C400 /* LeBaluchonUITestsLaunchTests.swift in Sources */ = {isa = PBXBuildFile; fileRef = 9AD4E6C62C1CB3B400A7C400 /* LeBaluchonUITestsLaunchTests.swift */; };
/* End PBXBuildFile section */

/* Begin PBXContainerItemProxy section */
		9AD4E6B72C1CB3B400A7C400 /* PBXContainerItemProxy */ = {
			isa = PBXContainerItemProxy;
			containerPortal = 9AD4E6982C1CB3B300A7C400 /* Project object */;
			proxyType = 1;
			remoteGlobalIDString = 9AD4E69F2C1CB3B300A7C400;
			remoteInfo = LeBaluchon;
		};
		9AD4E6C12C1CB3B400A7C400 /* PBXContainerItemProxy */ = {
			isa = PBXContainerItemProxy;
			containerPortal = 9AD4E6982C1CB3B300A7C400 /* Project object */;
			proxyType = 1;
			remoteGlobalIDString = 9AD4E69F2C1CB3B300A7C400;
			remoteInfo = LeBaluchon;
		};
/* End PBXContainerItemProxy section */

/* Begin PBXFileReference section */
		9A0C90072C6291E4001D4228 /* WeatherData.swift */ = {isa = PBXFileReference; lastKnownFileType = sourcecode.swift; path = WeatherData.swift; sourceTree = "<group>"; };
		9A6AF3BA2C37480000D3F8EF /* WeatherManager.swift */ = {isa = PBXFileReference; lastKnownFileType = sourcecode.swift; path = WeatherManager.swift; sourceTree = "<group>"; };
		9A6E0CFE2C2E0560005D38B4 /* TabBarController.swift */ = {isa = PBXFileReference; lastKnownFileType = sourcecode.swift; path = TabBarController.swift; sourceTree = "<group>"; };
		9A8171E82C2F54C50079C93B /* TranslateViewController.swift */ = {isa = PBXFileReference; lastKnownFileType = sourcecode.swift; path = TranslateViewController.swift; sourceTree = "<group>"; };
		9A85E5EB2C28296900F44A63 /* PlusJakartaSans-Regular.ttf */ = {isa = PBXFileReference; lastKnownFileType = file; path = "PlusJakartaSans-Regular.ttf"; sourceTree = "<group>"; };
		9A85E5EC2C28296900F44A63 /* PlusJakartaSans-SemiBoldItalic.ttf */ = {isa = PBXFileReference; lastKnownFileType = file; path = "PlusJakartaSans-SemiBoldItalic.ttf"; sourceTree = "<group>"; };
		9A85E5ED2C28296900F44A63 /* PlusJakartaSans-ExtraBold.ttf */ = {isa = PBXFileReference; lastKnownFileType = file; path = "PlusJakartaSans-ExtraBold.ttf"; sourceTree = "<group>"; };
		9A85E5EE2C28296900F44A63 /* PlusJakartaSans-ExtraLight.ttf */ = {isa = PBXFileReference; lastKnownFileType = file; path = "PlusJakartaSans-ExtraLight.ttf"; sourceTree = "<group>"; };
		9A85E5EF2C28296900F44A63 /* PlusJakartaSans-ExtraLightItalic.ttf */ = {isa = PBXFileReference; lastKnownFileType = file; path = "PlusJakartaSans-ExtraLightItalic.ttf"; sourceTree = "<group>"; };
		9A85E5F02C28296900F44A63 /* PlusJakartaSans-Medium.ttf */ = {isa = PBXFileReference; lastKnownFileType = file; path = "PlusJakartaSans-Medium.ttf"; sourceTree = "<group>"; };
		9A85E5F12C28296900F44A63 /* PlusJakartaSans-BoldItalic.ttf */ = {isa = PBXFileReference; lastKnownFileType = file; path = "PlusJakartaSans-BoldItalic.ttf"; sourceTree = "<group>"; };
		9A85E5F22C28296900F44A63 /* PlusJakartaSans-MediumItalic.ttf */ = {isa = PBXFileReference; lastKnownFileType = file; path = "PlusJakartaSans-MediumItalic.ttf"; sourceTree = "<group>"; };
		9A85E5F32C28296900F44A63 /* PlusJakartaSans-Bold.ttf */ = {isa = PBXFileReference; lastKnownFileType = file; path = "PlusJakartaSans-Bold.ttf"; sourceTree = "<group>"; };
		9A85E5F42C28296900F44A63 /* PlusJakartaSans-Italic.ttf */ = {isa = PBXFileReference; lastKnownFileType = file; path = "PlusJakartaSans-Italic.ttf"; sourceTree = "<group>"; };
		9A85E5F52C28296900F44A63 /* PlusJakartaSans-ExtraBoldItalic.ttf */ = {isa = PBXFileReference; lastKnownFileType = file; path = "PlusJakartaSans-ExtraBoldItalic.ttf"; sourceTree = "<group>"; };
		9A85E5F62C28296900F44A63 /* PlusJakartaSans-LightItalic.ttf */ = {isa = PBXFileReference; lastKnownFileType = file; path = "PlusJakartaSans-LightItalic.ttf"; sourceTree = "<group>"; };
		9A85E5F72C28296900F44A63 /* PlusJakartaSans-SemiBold.ttf */ = {isa = PBXFileReference; lastKnownFileType = file; path = "PlusJakartaSans-SemiBold.ttf"; sourceTree = "<group>"; };
		9A85E5F82C28296900F44A63 /* PlusJakartaSans-Light.ttf */ = {isa = PBXFileReference; lastKnownFileType = file; path = "PlusJakartaSans-Light.ttf"; sourceTree = "<group>"; };
		9A921CF32C6CF58600B784A1 /* WeatherModel.swift */ = {isa = PBXFileReference; lastKnownFileType = sourcecode.swift; path = WeatherModel.swift; sourceTree = "<group>"; };
		9A99DE862C2CA19C001743EA /* CurrencyViewController.swift */ = {isa = PBXFileReference; lastKnownFileType = sourcecode.swift; path = CurrencyViewController.swift; sourceTree = "<group>"; };
		9AD0A1242C877F8000D455F0 /* WeatherAPIKey.swift */ = {isa = PBXFileReference; lastKnownFileType = sourcecode.swift; path = WeatherAPIKey.swift; sourceTree = "<group>"; };
		9AD4E6A02C1CB3B300A7C400 /* LeBaluchon.app */ = {isa = PBXFileReference; explicitFileType = wrapper.application; includeInIndex = 0; path = LeBaluchon.app; sourceTree = BUILT_PRODUCTS_DIR; };
		9AD4E6A32C1CB3B300A7C400 /* AppDelegate.swift */ = {isa = PBXFileReference; lastKnownFileType = sourcecode.swift; path = AppDelegate.swift; sourceTree = "<group>"; };
		9AD4E6A52C1CB3B300A7C400 /* SceneDelegate.swift */ = {isa = PBXFileReference; lastKnownFileType = sourcecode.swift; path = SceneDelegate.swift; sourceTree = "<group>"; };
		9AD4E6A72C1CB3B300A7C400 /* WeatherViewController.swift */ = {isa = PBXFileReference; lastKnownFileType = sourcecode.swift; path = WeatherViewController.swift; sourceTree = "<group>"; };
		9AD4E6AA2C1CB3B300A7C400 /* Base */ = {isa = PBXFileReference; lastKnownFileType = file.storyboard; name = Base; path = Base.lproj/Main.storyboard; sourceTree = "<group>"; };
		9AD4E6AC2C1CB3B400A7C400 /* Assets.xcassets */ = {isa = PBXFileReference; lastKnownFileType = folder.assetcatalog; path = Assets.xcassets; sourceTree = "<group>"; };
		9AD4E6AF2C1CB3B400A7C400 /* Base */ = {isa = PBXFileReference; lastKnownFileType = file.storyboard; name = Base; path = Base.lproj/LaunchScreen.storyboard; sourceTree = "<group>"; };
		9AD4E6B12C1CB3B400A7C400 /* Info.plist */ = {isa = PBXFileReference; lastKnownFileType = text.plist.xml; path = Info.plist; sourceTree = "<group>"; };
		9AD4E6B62C1CB3B400A7C400 /* LeBaluchonTests.xctest */ = {isa = PBXFileReference; explicitFileType = wrapper.cfbundle; includeInIndex = 0; path = LeBaluchonTests.xctest; sourceTree = BUILT_PRODUCTS_DIR; };
		9AD4E6BA2C1CB3B400A7C400 /* LeBaluchonTests.swift */ = {isa = PBXFileReference; lastKnownFileType = sourcecode.swift; path = LeBaluchonTests.swift; sourceTree = "<group>"; };
		9AD4E6C02C1CB3B400A7C400 /* LeBaluchonUITests.xctest */ = {isa = PBXFileReference; explicitFileType = wrapper.cfbundle; includeInIndex = 0; path = LeBaluchonUITests.xctest; sourceTree = BUILT_PRODUCTS_DIR; };
		9AD4E6C42C1CB3B400A7C400 /* LeBaluchonUITests.swift */ = {isa = PBXFileReference; lastKnownFileType = sourcecode.swift; path = LeBaluchonUITests.swift; sourceTree = "<group>"; };
		9AD4E6C62C1CB3B400A7C400 /* LeBaluchonUITestsLaunchTests.swift */ = {isa = PBXFileReference; lastKnownFileType = sourcecode.swift; path = LeBaluchonUITestsLaunchTests.swift; sourceTree = "<group>"; };
/* End PBXFileReference section */

/* Begin PBXFrameworksBuildPhase section */
		9AD4E69D2C1CB3B300A7C400 /* Frameworks */ = {
			isa = PBXFrameworksBuildPhase;
			buildActionMask = 2147483647;
			files = (
			);
			runOnlyForDeploymentPostprocessing = 0;
		};
		9AD4E6B32C1CB3B400A7C400 /* Frameworks */ = {
			isa = PBXFrameworksBuildPhase;
			buildActionMask = 2147483647;
			files = (
			);
			runOnlyForDeploymentPostprocessing = 0;
		};
		9AD4E6BD2C1CB3B400A7C400 /* Frameworks */ = {
			isa = PBXFrameworksBuildPhase;
			buildActionMask = 2147483647;
			files = (
			);
			runOnlyForDeploymentPostprocessing = 0;
		};
/* End PBXFrameworksBuildPhase section */

/* Begin PBXGroup section */
		9A2B0FF92C6F5CBF0036B576 /* Controller */ = {
			isa = PBXGroup;
			children = (
				9AD4E6A72C1CB3B300A7C400 /* WeatherViewController.swift */,
			);
			path = Controller;
			sourceTree = "<group>";
		};
		9A6AF3B92C3747EA00D3F8EF /* Model */ = {
			isa = PBXGroup;
			children = (
				9AD0A1242C877F8000D455F0 /* WeatherAPIKey.swift */,
				9A6AF3BA2C37480000D3F8EF /* WeatherManager.swift */,
				9A0C90072C6291E4001D4228 /* WeatherData.swift */,
				9A921CF32C6CF58600B784A1 /* WeatherModel.swift */,
			);
			path = Model;
			sourceTree = "<group>";
		};
		9AD4E6972C1CB3B300A7C400 = {
			isa = PBXGroup;
			children = (
				9AD4E6A22C1CB3B300A7C400 /* LeBaluchon */,
				9AD4E6B92C1CB3B400A7C400 /* LeBaluchonTests */,
				9AD4E6C32C1CB3B400A7C400 /* LeBaluchonUITests */,
				9AD4E6A12C1CB3B300A7C400 /* Products */,
			);
			sourceTree = "<group>";
		};
		9AD4E6A12C1CB3B300A7C400 /* Products */ = {
			isa = PBXGroup;
			children = (
				9AD4E6A02C1CB3B300A7C400 /* LeBaluchon.app */,
				9AD4E6B62C1CB3B400A7C400 /* LeBaluchonTests.xctest */,
				9AD4E6C02C1CB3B400A7C400 /* LeBaluchonUITests.xctest */,
			);
			name = Products;
			sourceTree = "<group>";
		};
		9AD4E6A22C1CB3B300A7C400 /* LeBaluchon */ = {
			isa = PBXGroup;
			children = (
				9AD4E6A32C1CB3B300A7C400 /* AppDelegate.swift */,
				9AD4E6A52C1CB3B300A7C400 /* SceneDelegate.swift */,
				9A6AF3B92C3747EA00D3F8EF /* Model */,
				9AD57A2A2C3DA9F300D911C7 /* View */,
				9A2B0FF92C6F5CBF0036B576 /* Controller */,
				9AD4E6D32C1CD06600A7C400 /* Fonts */,
				9A99DE862C2CA19C001743EA /* CurrencyViewController.swift */,
				9A6E0CFE2C2E0560005D38B4 /* TabBarController.swift */,
				9A8171E82C2F54C50079C93B /* TranslateViewController.swift */,
				9AD4E6AC2C1CB3B400A7C400 /* Assets.xcassets */,
				9AD4E6AE2C1CB3B400A7C400 /* LaunchScreen.storyboard */,
				9AD4E6B12C1CB3B400A7C400 /* Info.plist */,
			);
			path = LeBaluchon;
			sourceTree = "<group>";
		};
		9AD4E6B92C1CB3B400A7C400 /* LeBaluchonTests */ = {
			isa = PBXGroup;
			children = (
				9AD4E6BA2C1CB3B400A7C400 /* LeBaluchonTests.swift */,
			);
			path = LeBaluchonTests;
			sourceTree = "<group>";
		};
		9AD4E6C32C1CB3B400A7C400 /* LeBaluchonUITests */ = {
			isa = PBXGroup;
			children = (
				9AD4E6C42C1CB3B400A7C400 /* LeBaluchonUITests.swift */,
				9AD4E6C62C1CB3B400A7C400 /* LeBaluchonUITestsLaunchTests.swift */,
			);
			path = LeBaluchonUITests;
			sourceTree = "<group>";
		};
		9AD4E6D32C1CD06600A7C400 /* Fonts */ = {
			isa = PBXGroup;
			children = (
				9A85E5F32C28296900F44A63 /* PlusJakartaSans-Bold.ttf */,
				9A85E5F12C28296900F44A63 /* PlusJakartaSans-BoldItalic.ttf */,
				9A85E5ED2C28296900F44A63 /* PlusJakartaSans-ExtraBold.ttf */,
				9A85E5F52C28296900F44A63 /* PlusJakartaSans-ExtraBoldItalic.ttf */,
				9A85E5EE2C28296900F44A63 /* PlusJakartaSans-ExtraLight.ttf */,
				9A85E5EF2C28296900F44A63 /* PlusJakartaSans-ExtraLightItalic.ttf */,
				9A85E5F42C28296900F44A63 /* PlusJakartaSans-Italic.ttf */,
				9A85E5F82C28296900F44A63 /* PlusJakartaSans-Light.ttf */,
				9A85E5F62C28296900F44A63 /* PlusJakartaSans-LightItalic.ttf */,
				9A85E5F02C28296900F44A63 /* PlusJakartaSans-Medium.ttf */,
				9A85E5F22C28296900F44A63 /* PlusJakartaSans-MediumItalic.ttf */,
				9A85E5EB2C28296900F44A63 /* PlusJakartaSans-Regular.ttf */,
				9A85E5F72C28296900F44A63 /* PlusJakartaSans-SemiBold.ttf */,
				9A85E5EC2C28296900F44A63 /* PlusJakartaSans-SemiBoldItalic.ttf */,
			);
			path = Fonts;
			sourceTree = "<group>";
		};
		9AD57A2A2C3DA9F300D911C7 /* View */ = {
			isa = PBXGroup;
			children = (
				9AD4E6A92C1CB3B300A7C400 /* Main.storyboard */,
			);
			path = View;
			sourceTree = "<group>";
		};
/* End PBXGroup section */

/* Begin PBXNativeTarget section */
		9AD4E69F2C1CB3B300A7C400 /* LeBaluchon */ = {
			isa = PBXNativeTarget;
			buildConfigurationList = 9AD4E6CA2C1CB3B400A7C400 /* Build configuration list for PBXNativeTarget "LeBaluchon" */;
			buildPhases = (
				9AD4E69C2C1CB3B300A7C400 /* Sources */,
				9AD4E69D2C1CB3B300A7C400 /* Frameworks */,
				9AD4E69E2C1CB3B300A7C400 /* Resources */,
			);
			buildRules = (
			);
			dependencies = (
			);
			name = LeBaluchon;
			productName = LeBaluchon;
			productReference = 9AD4E6A02C1CB3B300A7C400 /* LeBaluchon.app */;
			productType = "com.apple.product-type.application";
		};
		9AD4E6B52C1CB3B400A7C400 /* LeBaluchonTests */ = {
			isa = PBXNativeTarget;
			buildConfigurationList = 9AD4E6CD2C1CB3B400A7C400 /* Build configuration list for PBXNativeTarget "LeBaluchonTests" */;
			buildPhases = (
				9AD4E6B22C1CB3B400A7C400 /* Sources */,
				9AD4E6B32C1CB3B400A7C400 /* Frameworks */,
				9AD4E6B42C1CB3B400A7C400 /* Resources */,
			);
			buildRules = (
			);
			dependencies = (
				9AD4E6B82C1CB3B400A7C400 /* PBXTargetDependency */,
			);
			name = LeBaluchonTests;
			productName = LeBaluchonTests;
			productReference = 9AD4E6B62C1CB3B400A7C400 /* LeBaluchonTests.xctest */;
			productType = "com.apple.product-type.bundle.unit-test";
		};
		9AD4E6BF2C1CB3B400A7C400 /* LeBaluchonUITests */ = {
			isa = PBXNativeTarget;
			buildConfigurationList = 9AD4E6D02C1CB3B400A7C400 /* Build configuration list for PBXNativeTarget "LeBaluchonUITests" */;
			buildPhases = (
				9AD4E6BC2C1CB3B400A7C400 /* Sources */,
				9AD4E6BD2C1CB3B400A7C400 /* Frameworks */,
				9AD4E6BE2C1CB3B400A7C400 /* Resources */,
			);
			buildRules = (
			);
			dependencies = (
				9AD4E6C22C1CB3B400A7C400 /* PBXTargetDependency */,
			);
			name = LeBaluchonUITests;
			productName = LeBaluchonUITests;
			productReference = 9AD4E6C02C1CB3B400A7C400 /* LeBaluchonUITests.xctest */;
			productType = "com.apple.product-type.bundle.ui-testing";
		};
/* End PBXNativeTarget section */

/* Begin PBXProject section */
		9AD4E6982C1CB3B300A7C400 /* Project object */ = {
			isa = PBXProject;
			attributes = {
				BuildIndependentTargetsInParallel = 1;
				LastSwiftUpdateCheck = 1540;
				LastUpgradeCheck = 1540;
				TargetAttributes = {
					9AD4E69F2C1CB3B300A7C400 = {
						CreatedOnToolsVersion = 15.4;
					};
					9AD4E6B52C1CB3B400A7C400 = {
						CreatedOnToolsVersion = 15.4;
						TestTargetID = 9AD4E69F2C1CB3B300A7C400;
					};
					9AD4E6BF2C1CB3B400A7C400 = {
						CreatedOnToolsVersion = 15.4;
						TestTargetID = 9AD4E69F2C1CB3B300A7C400;
					};
				};
			};
			buildConfigurationList = 9AD4E69B2C1CB3B300A7C400 /* Build configuration list for PBXProject "LeBaluchon" */;
			compatibilityVersion = "Xcode 14.0";
			developmentRegion = en;
			hasScannedForEncodings = 0;
			knownRegions = (
				en,
				Base,
			);
			mainGroup = 9AD4E6972C1CB3B300A7C400;
			productRefGroup = 9AD4E6A12C1CB3B300A7C400 /* Products */;
			projectDirPath = "";
			projectRoot = "";
			targets = (
				9AD4E69F2C1CB3B300A7C400 /* LeBaluchon */,
				9AD4E6B52C1CB3B400A7C400 /* LeBaluchonTests */,
				9AD4E6BF2C1CB3B400A7C400 /* LeBaluchonUITests */,
			);
		};
/* End PBXProject section */

/* Begin PBXResourcesBuildPhase section */
		9AD4E69E2C1CB3B300A7C400 /* Resources */ = {
			isa = PBXResourcesBuildPhase;
			buildActionMask = 2147483647;
			files = (
				9A85E6032C28296900F44A63 /* PlusJakartaSans-ExtraBoldItalic.ttf in Resources */,
				9A85E6022C28296900F44A63 /* PlusJakartaSans-Italic.ttf in Resources */,
				9A85E5FB2C28296900F44A63 /* PlusJakartaSans-ExtraBold.ttf in Resources */,
				9A85E5FA2C28296900F44A63 /* PlusJakartaSans-SemiBoldItalic.ttf in Resources */,
				9A85E5FC2C28296900F44A63 /* PlusJakartaSans-ExtraLight.ttf in Resources */,
				9AD4E6AD2C1CB3B400A7C400 /* Assets.xcassets in Resources */,
				9A85E5FE2C28296900F44A63 /* PlusJakartaSans-Medium.ttf in Resources */,
				9A85E5F92C28296900F44A63 /* PlusJakartaSans-Regular.ttf in Resources */,
				9A85E6002C28296900F44A63 /* PlusJakartaSans-MediumItalic.ttf in Resources */,
				9AD4E6B02C1CB3B400A7C400 /* Base in Resources */,
				9A85E6062C28296900F44A63 /* PlusJakartaSans-Light.ttf in Resources */,
				9A85E5FD2C28296900F44A63 /* PlusJakartaSans-ExtraLightItalic.ttf in Resources */,
				9A85E6052C28296900F44A63 /* PlusJakartaSans-SemiBold.ttf in Resources */,
				9A85E6042C28296900F44A63 /* PlusJakartaSans-LightItalic.ttf in Resources */,
				9A85E6012C28296900F44A63 /* PlusJakartaSans-Bold.ttf in Resources */,
				9AD4E6AB2C1CB3B300A7C400 /* Base in Resources */,
				9A85E5FF2C28296900F44A63 /* PlusJakartaSans-BoldItalic.ttf in Resources */,
			);
			runOnlyForDeploymentPostprocessing = 0;
		};
		9AD4E6B42C1CB3B400A7C400 /* Resources */ = {
			isa = PBXResourcesBuildPhase;
			buildActionMask = 2147483647;
			files = (
			);
			runOnlyForDeploymentPostprocessing = 0;
		};
		9AD4E6BE2C1CB3B400A7C400 /* Resources */ = {
			isa = PBXResourcesBuildPhase;
			buildActionMask = 2147483647;
			files = (
			);
			runOnlyForDeploymentPostprocessing = 0;
		};
/* End PBXResourcesBuildPhase section */

/* Begin PBXSourcesBuildPhase section */
		9AD4E69C2C1CB3B300A7C400 /* Sources */ = {
			isa = PBXSourcesBuildPhase;
			buildActionMask = 2147483647;
			files = (
				9AD4E6A82C1CB3B300A7C400 /* WeatherViewController.swift in Sources */,
				9AD0A1252C877F8000D455F0 /* WeatherAPIKey.swift in Sources */,
				9A99DE872C2CA19C001743EA /* CurrencyViewController.swift in Sources */,
				9AD4E6A42C1CB3B300A7C400 /* AppDelegate.swift in Sources */,
				9A6E0CFF2C2E0560005D38B4 /* TabBarController.swift in Sources */,
				9A921CF42C6CF58600B784A1 /* WeatherModel.swift in Sources */,
				9AD4E6A62C1CB3B300A7C400 /* SceneDelegate.swift in Sources */,
				9A6AF3BB2C37480000D3F8EF /* WeatherManager.swift in Sources */,
				9A0C90082C6291E4001D4228 /* WeatherData.swift in Sources */,
				9A8171E92C2F54C50079C93B /* TranslateViewController.swift in Sources */,
			);
			runOnlyForDeploymentPostprocessing = 0;
		};
		9AD4E6B22C1CB3B400A7C400 /* Sources */ = {
			isa = PBXSourcesBuildPhase;
			buildActionMask = 2147483647;
			files = (
				9AD4E6BB2C1CB3B400A7C400 /* LeBaluchonTests.swift in Sources */,
			);
			runOnlyForDeploymentPostprocessing = 0;
		};
		9AD4E6BC2C1CB3B400A7C400 /* Sources */ = {
			isa = PBXSourcesBuildPhase;
			buildActionMask = 2147483647;
			files = (
				9AD4E6C52C1CB3B400A7C400 /* LeBaluchonUITests.swift in Sources */,
				9AD4E6C72C1CB3B400A7C400 /* LeBaluchonUITestsLaunchTests.swift in Sources */,
			);
			runOnlyForDeploymentPostprocessing = 0;
		};
/* End PBXSourcesBuildPhase section */

/* Begin PBXTargetDependency section */
		9AD4E6B82C1CB3B400A7C400 /* PBXTargetDependency */ = {
			isa = PBXTargetDependency;
			target = 9AD4E69F2C1CB3B300A7C400 /* LeBaluchon */;
			targetProxy = 9AD4E6B72C1CB3B400A7C400 /* PBXContainerItemProxy */;
		};
		9AD4E6C22C1CB3B400A7C400 /* PBXTargetDependency */ = {
			isa = PBXTargetDependency;
			target = 9AD4E69F2C1CB3B300A7C400 /* LeBaluchon */;
			targetProxy = 9AD4E6C12C1CB3B400A7C400 /* PBXContainerItemProxy */;
		};
/* End PBXTargetDependency section */

/* Begin PBXVariantGroup section */
		9AD4E6A92C1CB3B300A7C400 /* Main.storyboard */ = {
			isa = PBXVariantGroup;
			children = (
				9AD4E6AA2C1CB3B300A7C400 /* Base */,
			);
			name = Main.storyboard;
			sourceTree = "<group>";
		};
		9AD4E6AE2C1CB3B400A7C400 /* LaunchScreen.storyboard */ = {
			isa = PBXVariantGroup;
			children = (
				9AD4E6AF2C1CB3B400A7C400 /* Base */,
			);
			name = LaunchScreen.storyboard;
			sourceTree = "<group>";
		};
/* End PBXVariantGroup section */

/* Begin XCBuildConfiguration section */
		9AD4E6C82C1CB3B400A7C400 /* Debug */ = {
			isa = XCBuildConfiguration;
			buildSettings = {
				ALWAYS_SEARCH_USER_PATHS = NO;
				ASSETCATALOG_COMPILER_GENERATE_SWIFT_ASSET_SYMBOL_EXTENSIONS = YES;
				CLANG_ANALYZER_NONNULL = YES;
				CLANG_ANALYZER_NUMBER_OBJECT_CONVERSION = YES_AGGRESSIVE;
				CLANG_CXX_LANGUAGE_STANDARD = "gnu++20";
				CLANG_ENABLE_MODULES = YES;
				CLANG_ENABLE_OBJC_ARC = YES;
				CLANG_ENABLE_OBJC_WEAK = YES;
				CLANG_WARN_BLOCK_CAPTURE_AUTORELEASING = YES;
				CLANG_WARN_BOOL_CONVERSION = YES;
				CLANG_WARN_COMMA = YES;
				CLANG_WARN_CONSTANT_CONVERSION = YES;
				CLANG_WARN_DEPRECATED_OBJC_IMPLEMENTATIONS = YES;
				CLANG_WARN_DIRECT_OBJC_ISA_USAGE = YES_ERROR;
				CLANG_WARN_DOCUMENTATION_COMMENTS = YES;
				CLANG_WARN_EMPTY_BODY = YES;
				CLANG_WARN_ENUM_CONVERSION = YES;
				CLANG_WARN_INFINITE_RECURSION = YES;
				CLANG_WARN_INT_CONVERSION = YES;
				CLANG_WARN_NON_LITERAL_NULL_CONVERSION = YES;
				CLANG_WARN_OBJC_IMPLICIT_RETAIN_SELF = YES;
				CLANG_WARN_OBJC_LITERAL_CONVERSION = YES;
				CLANG_WARN_OBJC_ROOT_CLASS = YES_ERROR;
				CLANG_WARN_QUOTED_INCLUDE_IN_FRAMEWORK_HEADER = YES;
				CLANG_WARN_RANGE_LOOP_ANALYSIS = YES;
				CLANG_WARN_STRICT_PROTOTYPES = YES;
				CLANG_WARN_SUSPICIOUS_MOVE = YES;
				CLANG_WARN_UNGUARDED_AVAILABILITY = YES_AGGRESSIVE;
				CLANG_WARN_UNREACHABLE_CODE = YES;
				CLANG_WARN__DUPLICATE_METHOD_MATCH = YES;
				COPY_PHASE_STRIP = NO;
				DEBUG_INFORMATION_FORMAT = dwarf;
				ENABLE_STRICT_OBJC_MSGSEND = YES;
				ENABLE_TESTABILITY = YES;
				ENABLE_USER_SCRIPT_SANDBOXING = YES;
				GCC_C_LANGUAGE_STANDARD = gnu17;
				GCC_DYNAMIC_NO_PIC = NO;
				GCC_NO_COMMON_BLOCKS = YES;
				GCC_OPTIMIZATION_LEVEL = 0;
				GCC_PREPROCESSOR_DEFINITIONS = (
					"DEBUG=1",
					"$(inherited)",
				);
				GCC_WARN_64_TO_32_BIT_CONVERSION = YES;
				GCC_WARN_ABOUT_RETURN_TYPE = YES_ERROR;
				GCC_WARN_UNDECLARED_SELECTOR = YES;
				GCC_WARN_UNINITIALIZED_AUTOS = YES_AGGRESSIVE;
				GCC_WARN_UNUSED_FUNCTION = YES;
				GCC_WARN_UNUSED_VARIABLE = YES;
				IPHONEOS_DEPLOYMENT_TARGET = 17.5;
				LOCALIZATION_PREFERS_STRING_CATALOGS = YES;
				MTL_ENABLE_DEBUG_INFO = INCLUDE_SOURCE;
				MTL_FAST_MATH = YES;
				ONLY_ACTIVE_ARCH = YES;
				SDKROOT = iphoneos;
				SWIFT_ACTIVE_COMPILATION_CONDITIONS = "DEBUG $(inherited)";
				SWIFT_OPTIMIZATION_LEVEL = "-Onone";
			};
			name = Debug;
		};
		9AD4E6C92C1CB3B400A7C400 /* Release */ = {
			isa = XCBuildConfiguration;
			buildSettings = {
				ALWAYS_SEARCH_USER_PATHS = NO;
				ASSETCATALOG_COMPILER_GENERATE_SWIFT_ASSET_SYMBOL_EXTENSIONS = YES;
				CLANG_ANALYZER_NONNULL = YES;
				CLANG_ANALYZER_NUMBER_OBJECT_CONVERSION = YES_AGGRESSIVE;
				CLANG_CXX_LANGUAGE_STANDARD = "gnu++20";
				CLANG_ENABLE_MODULES = YES;
				CLANG_ENABLE_OBJC_ARC = YES;
				CLANG_ENABLE_OBJC_WEAK = YES;
				CLANG_WARN_BLOCK_CAPTURE_AUTORELEASING = YES;
				CLANG_WARN_BOOL_CONVERSION = YES;
				CLANG_WARN_COMMA = YES;
				CLANG_WARN_CONSTANT_CONVERSION = YES;
				CLANG_WARN_DEPRECATED_OBJC_IMPLEMENTATIONS = YES;
				CLANG_WARN_DIRECT_OBJC_ISA_USAGE = YES_ERROR;
				CLANG_WARN_DOCUMENTATION_COMMENTS = YES;
				CLANG_WARN_EMPTY_BODY = YES;
				CLANG_WARN_ENUM_CONVERSION = YES;
				CLANG_WARN_INFINITE_RECURSION = YES;
				CLANG_WARN_INT_CONVERSION = YES;
				CLANG_WARN_NON_LITERAL_NULL_CONVERSION = YES;
				CLANG_WARN_OBJC_IMPLICIT_RETAIN_SELF = YES;
				CLANG_WARN_OBJC_LITERAL_CONVERSION = YES;
				CLANG_WARN_OBJC_ROOT_CLASS = YES_ERROR;
				CLANG_WARN_QUOTED_INCLUDE_IN_FRAMEWORK_HEADER = YES;
				CLANG_WARN_RANGE_LOOP_ANALYSIS = YES;
				CLANG_WARN_STRICT_PROTOTYPES = YES;
				CLANG_WARN_SUSPICIOUS_MOVE = YES;
				CLANG_WARN_UNGUARDED_AVAILABILITY = YES_AGGRESSIVE;
				CLANG_WARN_UNREACHABLE_CODE = YES;
				CLANG_WARN__DUPLICATE_METHOD_MATCH = YES;
				COPY_PHASE_STRIP = NO;
				DEBUG_INFORMATION_FORMAT = "dwarf-with-dsym";
				ENABLE_NS_ASSERTIONS = NO;
				ENABLE_STRICT_OBJC_MSGSEND = YES;
				ENABLE_USER_SCRIPT_SANDBOXING = YES;
				GCC_C_LANGUAGE_STANDARD = gnu17;
				GCC_NO_COMMON_BLOCKS = YES;
				GCC_WARN_64_TO_32_BIT_CONVERSION = YES;
				GCC_WARN_ABOUT_RETURN_TYPE = YES_ERROR;
				GCC_WARN_UNDECLARED_SELECTOR = YES;
				GCC_WARN_UNINITIALIZED_AUTOS = YES_AGGRESSIVE;
				GCC_WARN_UNUSED_FUNCTION = YES;
				GCC_WARN_UNUSED_VARIABLE = YES;
				IPHONEOS_DEPLOYMENT_TARGET = 17.5;
				LOCALIZATION_PREFERS_STRING_CATALOGS = YES;
				MTL_ENABLE_DEBUG_INFO = NO;
				MTL_FAST_MATH = YES;
				SDKROOT = iphoneos;
				SWIFT_COMPILATION_MODE = wholemodule;
				VALIDATE_PRODUCT = YES;
			};
			name = Release;
		};
		9AD4E6CB2C1CB3B400A7C400 /* Debug */ = {
			isa = XCBuildConfiguration;
			buildSettings = {
				ASSETCATALOG_COMPILER_APPICON_NAME = AppIcon;
				ASSETCATALOG_COMPILER_GLOBAL_ACCENT_COLOR_NAME = AccentColor;
				CODE_SIGN_STYLE = Automatic;
				CURRENT_PROJECT_VERSION = 1;
				DEVELOPMENT_TEAM = 257XYBXF37;
				GENERATE_INFOPLIST_FILE = YES;
				INFOPLIST_FILE = LeBaluchon/Info.plist;
				INFOPLIST_KEY_UIApplicationSupportsIndirectInputEvents = YES;
				INFOPLIST_KEY_UILaunchStoryboardName = LaunchScreen;
				INFOPLIST_KEY_UIMainStoryboardFile = Main;
				INFOPLIST_KEY_UISupportedInterfaceOrientations_iPad = "UIInterfaceOrientationPortrait UIInterfaceOrientationPortraitUpsideDown UIInterfaceOrientationLandscapeLeft UIInterfaceOrientationLandscapeRight";
				INFOPLIST_KEY_UISupportedInterfaceOrientations_iPhone = "UIInterfaceOrientationPortrait UIInterfaceOrientationLandscapeLeft UIInterfaceOrientationLandscapeRight";
				IPHONEOS_DEPLOYMENT_TARGET = 13.0;
				LD_RUNPATH_SEARCH_PATHS = (
					"$(inherited)",
					"@executable_path/Frameworks",
				);
				MARKETING_VERSION = 1.0;
				PRODUCT_BUNDLE_IDENTIFIER = "com.bilal-dallali.LeBaluchon";
				PRODUCT_NAME = "$(TARGET_NAME)";
				SWIFT_EMIT_LOC_STRINGS = YES;
				SWIFT_VERSION = 5.0;
				TARGETED_DEVICE_FAMILY = "1,2";
			};
			name = Debug;
		};
		9AD4E6CC2C1CB3B400A7C400 /* Release */ = {
			isa = XCBuildConfiguration;
			buildSettings = {
				ASSETCATALOG_COMPILER_APPICON_NAME = AppIcon;
				ASSETCATALOG_COMPILER_GLOBAL_ACCENT_COLOR_NAME = AccentColor;
				CODE_SIGN_STYLE = Automatic;
				CURRENT_PROJECT_VERSION = 1;
				DEVELOPMENT_TEAM = 257XYBXF37;
				GENERATE_INFOPLIST_FILE = YES;
				INFOPLIST_FILE = LeBaluchon/Info.plist;
				INFOPLIST_KEY_UIApplicationSupportsIndirectInputEvents = YES;
				INFOPLIST_KEY_UILaunchStoryboardName = LaunchScreen;
				INFOPLIST_KEY_UIMainStoryboardFile = Main;
				INFOPLIST_KEY_UISupportedInterfaceOrientations_iPad = "UIInterfaceOrientationPortrait UIInterfaceOrientationPortraitUpsideDown UIInterfaceOrientationLandscapeLeft UIInterfaceOrientationLandscapeRight";
				INFOPLIST_KEY_UISupportedInterfaceOrientations_iPhone = "UIInterfaceOrientationPortrait UIInterfaceOrientationLandscapeLeft UIInterfaceOrientationLandscapeRight";
				IPHONEOS_DEPLOYMENT_TARGET = 13.0;
				LD_RUNPATH_SEARCH_PATHS = (
					"$(inherited)",
					"@executable_path/Frameworks",
				);
				MARKETING_VERSION = 1.0;
				PRODUCT_BUNDLE_IDENTIFIER = "com.bilal-dallali.LeBaluchon";
				PRODUCT_NAME = "$(TARGET_NAME)";
				SWIFT_EMIT_LOC_STRINGS = YES;
				SWIFT_VERSION = 5.0;
				TARGETED_DEVICE_FAMILY = "1,2";
			};
			name = Release;
		};
		9AD4E6CE2C1CB3B400A7C400 /* Debug */ = {
			isa = XCBuildConfiguration;
			buildSettings = {
				ALWAYS_EMBED_SWIFT_STANDARD_LIBRARIES = YES;
				BUNDLE_LOADER = "$(TEST_HOST)";
				CODE_SIGN_STYLE = Automatic;
				CURRENT_PROJECT_VERSION = 1;
				GENERATE_INFOPLIST_FILE = YES;
				IPHONEOS_DEPLOYMENT_TARGET = 17.5;
				MARKETING_VERSION = 1.0;
				PRODUCT_BUNDLE_IDENTIFIER = "com.bilal-dallali.LeBaluchonTests";
				PRODUCT_NAME = "$(TARGET_NAME)";
				SWIFT_EMIT_LOC_STRINGS = NO;
				SWIFT_VERSION = 5.0;
				TARGETED_DEVICE_FAMILY = "1,2";
				TEST_HOST = "$(BUILT_PRODUCTS_DIR)/LeBaluchon.app/$(BUNDLE_EXECUTABLE_FOLDER_PATH)/LeBaluchon";
			};
			name = Debug;
		};
		9AD4E6CF2C1CB3B400A7C400 /* Release */ = {
			isa = XCBuildConfiguration;
			buildSettings = {
				ALWAYS_EMBED_SWIFT_STANDARD_LIBRARIES = YES;
				BUNDLE_LOADER = "$(TEST_HOST)";
				CODE_SIGN_STYLE = Automatic;
				CURRENT_PROJECT_VERSION = 1;
				GENERATE_INFOPLIST_FILE = YES;
				IPHONEOS_DEPLOYMENT_TARGET = 17.5;
				MARKETING_VERSION = 1.0;
				PRODUCT_BUNDLE_IDENTIFIER = "com.bilal-dallali.LeBaluchonTests";
				PRODUCT_NAME = "$(TARGET_NAME)";
				SWIFT_EMIT_LOC_STRINGS = NO;
				SWIFT_VERSION = 5.0;
				TARGETED_DEVICE_FAMILY = "1,2";
				TEST_HOST = "$(BUILT_PRODUCTS_DIR)/LeBaluchon.app/$(BUNDLE_EXECUTABLE_FOLDER_PATH)/LeBaluchon";
			};
			name = Release;
		};
		9AD4E6D12C1CB3B400A7C400 /* Debug */ = {
			isa = XCBuildConfiguration;
			buildSettings = {
				ALWAYS_EMBED_SWIFT_STANDARD_LIBRARIES = YES;
				CODE_SIGN_STYLE = Automatic;
				CURRENT_PROJECT_VERSION = 1;
				GENERATE_INFOPLIST_FILE = YES;
				MARKETING_VERSION = 1.0;
				PRODUCT_BUNDLE_IDENTIFIER = "com.bilal-dallali.LeBaluchonUITests";
				PRODUCT_NAME = "$(TARGET_NAME)";
				SWIFT_EMIT_LOC_STRINGS = NO;
				SWIFT_VERSION = 5.0;
				TARGETED_DEVICE_FAMILY = "1,2";
				TEST_TARGET_NAME = LeBaluchon;
			};
			name = Debug;
		};
		9AD4E6D22C1CB3B400A7C400 /* Release */ = {
			isa = XCBuildConfiguration;
			buildSettings = {
				ALWAYS_EMBED_SWIFT_STANDARD_LIBRARIES = YES;
				CODE_SIGN_STYLE = Automatic;
				CURRENT_PROJECT_VERSION = 1;
				GENERATE_INFOPLIST_FILE = YES;
				MARKETING_VERSION = 1.0;
				PRODUCT_BUNDLE_IDENTIFIER = "com.bilal-dallali.LeBaluchonUITests";
				PRODUCT_NAME = "$(TARGET_NAME)";
				SWIFT_EMIT_LOC_STRINGS = NO;
				SWIFT_VERSION = 5.0;
				TARGETED_DEVICE_FAMILY = "1,2";
				TEST_TARGET_NAME = LeBaluchon;
			};
			name = Release;
		};
/* End XCBuildConfiguration section */

/* Begin XCConfigurationList section */
		9AD4E69B2C1CB3B300A7C400 /* Build configuration list for PBXProject "LeBaluchon" */ = {
			isa = XCConfigurationList;
			buildConfigurations = (
				9AD4E6C82C1CB3B400A7C400 /* Debug */,
				9AD4E6C92C1CB3B400A7C400 /* Release */,
			);
			defaultConfigurationIsVisible = 0;
			defaultConfigurationName = Release;
		};
		9AD4E6CA2C1CB3B400A7C400 /* Build configuration list for PBXNativeTarget "LeBaluchon" */ = {
			isa = XCConfigurationList;
			buildConfigurations = (
				9AD4E6CB2C1CB3B400A7C400 /* Debug */,
				9AD4E6CC2C1CB3B400A7C400 /* Release */,
			);
			defaultConfigurationIsVisible = 0;
			defaultConfigurationName = Release;
		};
		9AD4E6CD2C1CB3B400A7C400 /* Build configuration list for PBXNativeTarget "LeBaluchonTests" */ = {
			isa = XCConfigurationList;
			buildConfigurations = (
				9AD4E6CE2C1CB3B400A7C400 /* Debug */,
				9AD4E6CF2C1CB3B400A7C400 /* Release */,
			);
			defaultConfigurationIsVisible = 0;
			defaultConfigurationName = Release;
		};
		9AD4E6D02C1CB3B400A7C400 /* Build configuration list for PBXNativeTarget "LeBaluchonUITests" */ = {
			isa = XCConfigurationList;
			buildConfigurations = (
				9AD4E6D12C1CB3B400A7C400 /* Debug */,
				9AD4E6D22C1CB3B400A7C400 /* Release */,
			);
			defaultConfigurationIsVisible = 0;
			defaultConfigurationName = Release;
		};
/* End XCConfigurationList section */
	};
	rootObject = 9AD4E6982C1CB3B300A7C400 /* Project object */;
}
